
Microsoft Visual Studio Solution File, Format Version 12.00
Project("{FAE04EC0-301F-11D3-BF4B-00C04F79EFBC}") = "Calculator", "Calculator.csproj", "{AD41946E-CD8B-400F-9D3C-02A5677A3754}"
EndProject
Global
	GlobalSection(SolutionConfigurationPlatforms) = preSolution
		Debug|Any CPU = Debug|Any CPU
		Release|Any CPU = Release|Any CPU
	EndGlobalSection
	GlobalSection(ProjectConfigurationPlatforms) = postSolution
		{AD41946E-CD8B-400F-9D3C-02A5677A3754}.Debug|Any CPU.ActiveCfg = Debug|Any CPU
		{AD41946E-CD8B-400F-9D3C-02A5677A3754}.Debug|Any CPU.Build.0 = Debug|Any CPU
		{AD41946E-CD8B-400F-9D3C-02A5677A3754}.Release|Any CPU.ActiveCfg = Release|Any CPU
		{AD41946E-CD8B-400F-9D3C-02A5677A3754}.Release|Any CPU.Build.0 = Release|Any CPU
	EndGlobalSection
EndGlobal
